
Microsoft Visual Studio Solution File, Format Version 12.00
# Visual Studio Version 17
VisualStudioVersion = 17.0.32014.148
MinimumVisualStudioVersion = 10.0.40219.1
Project("{FAE04EC0-301F-11D3-BF4B-00C04F79EFBC}") = "Aula 09", "Aula 09\Aula 09.csproj", "{8881F80B-F542-4400-B4AE-3B9F54F169AD}"
EndProject
Global
	GlobalSection(SolutionConfigurationPlatforms) = preSolution
		Debug|Any CPU = Debug|Any CPU
		Release|Any CPU = Release|Any CPU
	EndGlobalSection
	GlobalSection(ProjectConfigurationPlatforms) = postSolution
		{8881F80B-F542-4400-B4AE-3B9F54F169AD}.Debug|Any CPU.ActiveCfg = Debug|Any CPU
		{8881F80B-F542-4400-B4AE-3B9F54F169AD}.Debug|Any CPU.Build.0 = Debug|Any CPU
		{8881F80B-F542-4400-B4AE-3B9F54F169AD}.Release|Any CPU.ActiveCfg = Release|Any CPU
		{8881F80B-F542-4400-B4AE-3B9F54F169AD}.Release|Any CPU.Build.0 = Release|Any CPU
	EndGlobalSection
	GlobalSection(SolutionProperties) = preSolution
		HideSolutionNode = FALSE
	EndGlobalSection
	GlobalSection(ExtensibilityGlobals) = postSolution
		SolutionGuid = {2BF022B2-5381-4074-A0D8-C4DA03DC6B0D}
	EndGlobalSection
EndGlobal
